// !$*UTF8*$!
{
	archiveVersion = 1;
	classes = {
	};
	objectVersion = 50;
	objects = {

/* Begin PBXBuildFile section */
		855A000024EF7022005AFEF8 /* LaunchScreen.storyboard in Resources */ = {isa = PBXBuildFile; fileRef = 855AFFFE24EF7022005AFEF8 /* LaunchScreen.storyboard */; };
		855AFFF424EF701E005AFEF8 /* AppDelegate.swift in Sources */ = {isa = PBXBuildFile; fileRef = 855AFFF324EF701E005AFEF8 /* AppDelegate.swift */; };
		855AFFF624EF701E005AFEF8 /* SceneDelegate.swift in Sources */ = {isa = PBXBuildFile; fileRef = 855AFFF524EF701E005AFEF8 /* SceneDelegate.swift */; };
		855AFFF824EF701E005AFEF8 /* ViewController.swift in Sources */ = {isa = PBXBuildFile; fileRef = 855AFFF724EF701E005AFEF8 /* ViewController.swift */; };
		855AFFFB24EF701E005AFEF8 /* Main.storyboard in Resources */ = {isa = PBXBuildFile; fileRef = 855AFFF924EF701E005AFEF8 /* Main.storyboard */; };
		855AFFFD24EF7022005AFEF8 /* Assets.xcassets in Resources */ = {isa = PBXBuildFile; fileRef = 855AFFFC24EF7022005AFEF8 /* Assets.xcassets */; };
/* End PBXBuildFile section */

/* Begin PBXFileReference section */
		855A000124EF7022005AFEF8 /* Info.plist */ = {isa = PBXFileReference; lastKnownFileType = text.plist.xml; path = Info.plist; sourceTree = "<group>"; };
		855AFFF024EF701E005AFEF8 /* SwiftLearn.app */ = {isa = PBXFileReference; explicitFileType = wrapper.application; includeInIndex = 0; path = SwiftLearn.app; sourceTree = BUILT_PRODUCTS_DIR; };
		855AFFF324EF701E005AFEF8 /* AppDelegate.swift */ = {isa = PBXFileReference; lastKnownFileType = sourcecode.swift; path = AppDelegate.swift; sourceTree = "<group>"; };
		855AFFF524EF701E005AFEF8 /* SceneDelegate.swift */ = {isa = PBXFileReference; lastKnownFileType = sourcecode.swift; path = SceneDelegate.swift; sourceTree = "<group>"; };
		855AFFF724EF701E005AFEF8 /* ViewController.swift */ = {isa = PBXFileReference; lastKnownFileType = sourcecode.swift; path = ViewController.swift; sourceTree = "<group>"; };
		855AFFFA24EF701E005AFEF8 /* Base */ = {isa = PBXFileReference; lastKnownFileType = file.storyboard; name = Base; path = Base.lproj/Main.storyboard; sourceTree = "<group>"; };
		855AFFFC24EF7022005AFEF8 /* Assets.xcassets */ = {isa = PBXFileReference; lastKnownFileType = folder.assetcatalog; path = Assets.xcassets; sourceTree = "<group>"; };
		855AFFFF24EF7022005AFEF8 /* Base */ = {isa = PBXFileReference; lastKnownFileType = file.storyboard; name = Base; path = Base.lproj/LaunchScreen.storyboard; sourceTree = "<group>"; };
/* End PBXFileReference section */

/* Begin PBXFrameworksBuildPhase section */
		855AFFED24EF701E005AFEF8 /* Frameworks */ = {
			isa = PBXFrameworksBuildPhase;
			buildActionMask = 2147483647;
			files = (
			);
			runOnlyForDeploymentPostprocessing = 0;
		};
/* End PBXFrameworksBuildPhase section */

/* Begin PBXGroup section */
		855AFFE724EF701E005AFEF8 = {
			isa = PBXGroup;
			children = (
				855AFFF224EF701E005AFEF8 /* SwiftLearn */,
				855AFFF124EF701E005AFEF8 /* Products */,
			);
			sourceTree = "<group>";
		};
		855AFFF124EF701E005AFEF8 /* Products */ = {
			isa = PBXGroup;
			children = (
				855AFFF024EF701E005AFEF8 /* SwiftLearn.app */,
			);
			name = Products;
			sourceTree = "<group>";
		};
		855AFFF224EF701E005AFEF8 /* SwiftLearn */ = {
			isa = PBXGroup;
			children = (
				855AFFF324EF701E005AFEF8 /* AppDelegate.swift */,
				855AFFF524EF701E005AFEF8 /* SceneDelegate.swift */,
				855AFFF724EF701E005AFEF8 /* ViewController.swift */,
				855AFFF924EF701E005AFEF8 /* Main.storyboard */,
				855AFFFC24EF7022005AFEF8 /* Assets.xcassets */,
				855AFFFE24EF7022005AFEF8 /* LaunchScreen.storyboard */,
				855A000124EF7022005AFEF8 /* Info.plist */,
			);
			path = SwiftLearn;
			sourceTree = "<group>";
		};
/* End PBXGroup section */

/* Begin PBXNativeTarget section */
		855AFFEF24EF701E005AFEF8 /* SwiftLearn */ = {
			isa = PBXNativeTarget;
			buildConfigurationList = 855A000424EF7022005AFEF8 /* Build configuration list for PBXNativeTarget "SwiftLearn" */;
			buildPhases = (
				855AFFEC24EF701E005AFEF8 /* Sources */,
				855AFFED24EF701E005AFEF8 /* Frameworks */,
				855AFFEE24EF701E005AFEF8 /* Resources */,
			);
			buildRules = (
			);
			dependencies = (
			);
			name = SwiftLearn;
			productName = SwiftLearn;
			productReference = 855AFFF024EF701E005AFEF8 /* SwiftLearn.app */;
			productType = "com.apple.product-type.application";
		};
/* End PBXNativeTarget section */

/* Begin PBXProject section */
		855AFFE824EF701E005AFEF8 /* Project object */ = {
			isa = PBXProject;
			attributes = {
				LastSwiftUpdateCheck = 1160;
				LastUpgradeCheck = 1160;
				ORGANIZATIONNAME = yangln;
				TargetAttributes = {
					855AFFEF24EF701E005AFEF8 = {
						CreatedOnToolsVersion = 11.6;
					};
				};
			};
			buildConfigurationList = 855AFFEB24EF701E005AFEF8 /* Build configuration list for PBXProject "SwiftLearn" */;
			compatibilityVersion = "Xcode 9.3";
			developmentRegion = en;
			hasScannedForEncodings = 0;
			knownRegions = (
				en,
				Base,
			);
			mainGroup = 855AFFE724EF701E005AFEF8;
			productRefGroup = 855AFFF124EF701E005AFEF8 /* Products */;
			projectDirPath = "";
			projectRoot = "";
			targets = (
				855AFFEF24EF701E005AFEF8 /* SwiftLearn */,
			);
		};
/* End PBXProject section */

/* Begin PBXResourcesBuildPhase section */
		855AFFEE24EF701E005AFEF8 /* Resources */ = {
			isa = PBXResourcesBuildPhase;
			buildActionMask = 2147483647;
			files = (
				855A000024EF7022005AFEF8 /* LaunchScreen.storyboard in Resources */,
				855AFFFD24EF7022005AFEF8 /* Assets.xcassets in Resources */,
				855AFFFB24EF701E005AFEF8 /* Main.storyboard in Resources */,
			);
			runOnlyForDeploymentPostprocessing = 0;
		};
/* End PBXResourcesBuildPhase section */

/* Begin PBXSourcesBuildPhase section */
		855AFFEC24EF701E005AFEF8 /* Sources */ = {
			isa = PBXSourcesBuildPhase;
			buildActionMask = 2147483647;
			files = (
				855AFFF824EF701E005AFEF8 /* ViewController.swift in Sources */,
				855AFFF424EF701E005AFEF8 /* AppDelegate.swift in Sources */,
				855AFFF624EF701E005AFEF8 /* SceneDelegate.swift in Sources */,
			);
			runOnlyForDeploymentPostprocessing = 0;
		};
/* End PBXSourcesBuildPhase section */

/* Begin PBXVariantGroup section */
		855AFFF924EF701E005AFEF8 /* Main.storyboard */ = {
			isa = PBXVariantGroup;
			children = (
				855AFFFA24EF701E005AFEF8 /* Base */,
			);
			name = Main.storyboard;
			sourceTree = "<group>";
		};
		855AFFFE24EF7022005AFEF8 /* LaunchScreen.storyboard */ = {
			isa = PBXVariantGroup;
			children = (
				855AFFFF24EF7022005AFEF8 /* Base */,
			);
			name = LaunchScreen.storyboard;
			sourceTree = "<group>";
		};
/* End PBXVariantGroup section */

/* Begin XCBuildConfiguration section */
		855A000224EF7022005AFEF8 /* Debug */ = {
			isa = XCBuildConfiguration;
			buildSettings = {
				ALWAYS_SEARCH_USER_PATHS = NO;
				CLANG_ANALYZER_NONNULL = YES;
				CLANG_ANALYZER_NUMBER_OBJECT_CONVERSION = YES_AGGRESSIVE;
				CLANG_CXX_LANGUAGE_STANDARD = "gnu++14";
				CLANG_CXX_LIBRARY = "libc++";
				CLANG_ENABLE_MODULES = YES;
				CLANG_ENABLE_OBJC_ARC = YES;
				CLANG_ENABLE_OBJC_WEAK = YES;
				CLANG_WARN_BLOCK_CAPTURE_AUTORELEASING = YES;
				CLANG_WARN_BOOL_CONVERSION = YES;
				CLANG_WARN_COMMA = YES;
				CLANG_WARN_CONSTANT_CONVERSION = YES;
				CLANG_WARN_DEPRECATED_OBJC_IMPLEMENTATIONS = YES;
				CLANG_WARN_DIRECT_OBJC_ISA_USAGE = YES_ERROR;
				CLANG_WARN_DOCUMENTATION_COMMENTS = YES;
				CLANG_WARN_EMPTY_BODY = YES;
				CLANG_WARN_ENUM_CONVERSION = YES;
				CLANG_WARN_INFINITE_RECURSION = YES;
				CLANG_WARN_INT_CONVERSION = YES;
				CLANG_WARN_NON_LITERAL_NULL_CONVERSION = YES;
				CLANG_WARN_OBJC_IMPLICIT_RETAIN_SELF = YES;
				CLANG_WARN_OBJC_LITERAL_CONVERSION = YES;
				CLANG_WARN_OBJC_ROOT_CLASS = YES_ERROR;
				CLANG_WARN_RANGE_LOOP_ANALYSIS = YES;
				CLANG_WARN_STRICT_PROTOTYPES = YES;
				CLANG_WARN_SUSPICIOUS_MOVE = YES;
				CLANG_WARN_UNGUARDED_AVAILABILITY = YES_AGGRESSIVE;
				CLANG_WARN_UNREACHABLE_CODE = YES;
				CLANG_WARN__DUPLICATE_METHOD_MATCH = YES;
				COPY_PHASE_STRIP = NO;
				DEBUG_INFORMATION_FORMAT = dwarf;
				ENABLE_STRICT_OBJC_MSGSEND = YES;
				ENABLE_TESTABILITY = YES;
				GCC_C_LANGUAGE_STANDARD = gnu11;
				GCC_DYNAMIC_NO_PIC = NO;
				GCC_NO_COMMON_BLOCKS = YES;
				GCC_OPTIMIZATION_LEVEL = 0;
				GCC_PREPROCESSOR_DEFINITIONS = (
					"DEBUG=1",
					"$(inherited)",
				);
				GCC_WARN_64_TO_32_BIT_CONVERSION = YES;
				GCC_WARN_ABOUT_RETURN_TYPE = YES_ERROR;
				GCC_WARN_UNDECLARED_SELECTOR = YES;
				GCC_WARN_UNINITIALIZED_AUTOS = YES_AGGRESSIVE;
				GCC_WARN_UNUSED_FUNCTION = YES;
				GCC_WARN_UNUSED_VARIABLE = YES;
				IPHONEOS_DEPLOYMENT_TARGET = 13.6;
				MTL_ENABLE_DEBUG_INFO = INCLUDE_SOURCE;
				MTL_FAST_MATH = YES;
				ONLY_ACTIVE_ARCH = YES;
				SDKROOT = iphoneos;
				SWIFT_ACTIVE_COMPILATION_CONDITIONS = DEBUG;
				SWIFT_OPTIMIZATION_LEVEL = "-Onone";
			};
			name = Debug;
		};
		855A000324EF7022005AFEF8 /* Release */ = {
			isa = XCBuildConfiguration;
			buildSettings = {
				ALWAYS_SEARCH_USER_PATHS = NO;
				CLANG_ANALYZER_NONNULL = YES;
				CLANG_ANALYZER_NUMBER_OBJECT_CONVERSION = YES_AGGRESSIVE;
				CLANG_CXX_LANGUAGE_STANDARD = "gnu++14";
				CLANG_CXX_LIBRARY = "libc++";
				CLANG_ENABLE_MODULES = YES;
				CLANG_ENABLE_OBJC_ARC = YES;
				CLANG_ENABLE_OBJC_WEAK = YES;
				CLANG_WARN_BLOCK_CAPTURE_AUTORELEASING = YES;
				CLANG_WARN_BOOL_CONVERSION = YES;
				CLANG_WARN_COMMA = YES;
				CLANG_WARN_CONSTANT_CONVERSION = YES;
				CLANG_WARN_DEPRECATED_OBJC_IMPLEMENTATIONS = YES;
				CLANG_WARN_DIRECT_OBJC_ISA_USAGE = YES_ERROR;
				CLANG_WARN_DOCUMENTATION_COMMENTS = YES;
				CLANG_WARN_EMPTY_BODY = YES;
				CLANG_WARN_ENUM_CONVERSION = YES;
				CLANG_WARN_INFINITE_RECURSION = YES;
				CLANG_WARN_INT_CONVERSION = YES;
				CLANG_WARN_NON_LITERAL_NULL_CONVERSION = YES;
				CLANG_WARN_OBJC_IMPLICIT_RETAIN_SELF = YES;
				CLANG_WARN_OBJC_LITERAL_CONVERSION = YES;
				CLANG_WARN_OBJC_ROOT_CLASS = YES_ERROR;
				CLANG_WARN_RANGE_LOOP_ANALYSIS = YES;
				CLANG_WARN_STRICT_PROTOTYPES = YES;
				CLANG_WARN_SUSPICIOUS_MOVE = YES;
				CLANG_WARN_UNGUARDED_AVAILABILITY = YES_AGGRESSIVE;
				CLANG_WARN_UNREACHABLE_CODE = YES;
				CLANG_WARN__DUPLICATE_METHOD_MATCH = YES;
				COPY_PHASE_STRIP = NO;
				DEBUG_INFORMATION_FORMAT = "dwarf-with-dsym";
				ENABLE_NS_ASSERTIONS = NO;
				ENABLE_STRICT_OBJC_MSGSEND = YES;
				GCC_C_LANGUAGE_STANDARD = gnu11;
				GCC_NO_COMMON_BLOCKS = YES;
				GCC_WARN_64_TO_32_BIT_CONVERSION = YES;
				GCC_WARN_ABOUT_RETURN_TYPE = YES_ERROR;
				GCC_WARN_UNDECLARED_SELECTOR = YES;
				GCC_WARN_UNINITIALIZED_AUTOS = YES_AGGRESSIVE;
				GCC_WARN_UNUSED_FUNCTION = YES;
				GCC_WARN_UNUSED_VARIABLE = YES;
				IPHONEOS_DEPLOYMENT_TARGET = 13.6;
				MTL_ENABLE_DEBUG_INFO = NO;
				MTL_FAST_MATH = YES;
				SDKROOT = iphoneos;
				SWIFT_COMPILATION_MODE = wholemodule;
				SWIFT_OPTIMIZATION_LEVEL = "-O";
				VALIDATE_PRODUCT = YES;
			};
			name = Release;
		};
		855A000524EF7022005AFEF8 /* Debug */ = {
			isa = XCBuildConfiguration;
			buildSettings = {
				ASSETCATALOG_COMPILER_APPICON_NAME = AppIcon;
				CODE_SIGN_STYLE = Automatic;
				INFOPLIST_FILE = SwiftLearn/Info.plist;
				LD_RUNPATH_SEARCH_PATHS = (
					"$(inherited)",
					"@executable_path/Frameworks",
				);
				PRODUCT_BUNDLE_IDENTIFIER = com.yangln.SwiftLearn;
				PRODUCT_NAME = "$(TARGET_NAME)";
				SWIFT_VERSION = 5.0;
				TARGETED_DEVICE_FAMILY = "1,2";
			};
			name = Debug;
		};
		855A000624EF7022005AFEF8 /* Release */ = {
			isa = XCBuildConfiguration;
			buildSettings = {
				ASSETCATALOG_COMPILER_APPICON_NAME = AppIcon;
				CODE_SIGN_STYLE = Automatic;
				INFOPLIST_FILE = SwiftLearn/Info.plist;
				LD_RUNPATH_SEARCH_PATHS = (
					"$(inherited)",
					"@executable_path/Frameworks",
				);
				PRODUCT_BUNDLE_IDENTIFIER = com.yangln.SwiftLearn;
				PRODUCT_NAME = "$(TARGET_NAME)";
				SWIFT_VERSION = 5.0;
				TARGETED_DEVICE_FAMILY = "1,2";
			};
			name = Release;
		};
/* End XCBuildConfiguration section */

/* Begin XCConfigurationList section */
		855A000424EF7022005AFEF8 /* Build configuration list for PBXNativeTarget "SwiftLearn" */ = {
			isa = XCConfigurationList;
			buildConfigurations = (
				855A000524EF7022005AFEF8 /* Debug */,
				855A000624EF7022005AFEF8 /* Release */,
			);
			defaultConfigurationIsVisible = 0;
			defaultConfigurationName = Release;
		};
		855AFFEB24EF701E005AFEF8 /* Build configuration list for PBXProject "SwiftLearn" */ = {
			isa = XCConfigurationList;
			buildConfigurations = (
				855A000224EF7022005AFEF8 /* Debug */,
				855A000324EF7022005AFEF8 /* Release */,
			);
			defaultConfigurationIsVisible = 0;
			defaultConfigurationName = Release;
		};
/* End XCConfigurationList section */
	};
	rootObject = 855AFFE824EF701E005AFEF8 /* Project object */;
}
